// !$*UTF8*$!
{
	archiveVersion = 1;
	classes = {
	};
	objectVersion = 48;
	objects = {

/* Begin PBXBuildFile section */
		65DE4C1020FF421400E807ED /* AppDelegate.swift in Sources */ = {isa = PBXBuildFile; fileRef = 65DE4C0F20FF421400E807ED /* AppDelegate.swift */; };
		65DE4C1220FF421400E807ED /* ViewController.swift in Sources */ = {isa = PBXBuildFile; fileRef = 65DE4C1120FF421400E807ED /* ViewController.swift */; };
		65DE4C1520FF421400E807ED /* Main.storyboard in Resources */ = {isa = PBXBuildFile; fileRef = 65DE4C1320FF421400E807ED /* Main.storyboard */; };
		65DE4C1720FF421400E807ED /* Assets.xcassets in Resources */ = {isa = PBXBuildFile; fileRef = 65DE4C1620FF421400E807ED /* Assets.xcassets */; };
		65DE4C1A20FF421400E807ED /* LaunchScreen.storyboard in Resources */ = {isa = PBXBuildFile; fileRef = 65DE4C1820FF421400E807ED /* LaunchScreen.storyboard */; };
		65DE4C2A20FF476700E807ED /* T3.jpg in Resources */ = {isa = PBXBuildFile; fileRef = 65DE4C2720FF476700E807ED /* T3.jpg */; };
		65DE4C2B20FF476700E807ED /* T1.jpg in Resources */ = {isa = PBXBuildFile; fileRef = 65DE4C2820FF476700E807ED /* T1.jpg */; };
		65DE4C2C20FF476700E807ED /* T2.jpg in Resources */ = {isa = PBXBuildFile; fileRef = 65DE4C2920FF476700E807ED /* T2.jpg */; };
/* End PBXBuildFile section */

/* Begin PBXFileReference section */
		65DE4C0C20FF421400E807ED /* Storm Viewer.app */ = {isa = PBXFileReference; explicitFileType = wrapper.application; includeInIndex = 0; path = "Storm Viewer.app"; sourceTree = BUILT_PRODUCTS_DIR; };
		65DE4C0F20FF421400E807ED /* AppDelegate.swift */ = {isa = PBXFileReference; lastKnownFileType = sourcecode.swift; path = AppDelegate.swift; sourceTree = "<group>"; };
		65DE4C1120FF421400E807ED /* ViewController.swift */ = {isa = PBXFileReference; lastKnownFileType = sourcecode.swift; path = ViewController.swift; sourceTree = "<group>"; };
		65DE4C1420FF421400E807ED /* Base */ = {isa = PBXFileReference; lastKnownFileType = file.storyboard; name = Base; path = Base.lproj/Main.storyboard; sourceTree = "<group>"; };
		65DE4C1620FF421400E807ED /* Assets.xcassets */ = {isa = PBXFileReference; lastKnownFileType = folder.assetcatalog; path = Assets.xcassets; sourceTree = "<group>"; };
		65DE4C1920FF421400E807ED /* Base */ = {isa = PBXFileReference; lastKnownFileType = file.storyboard; name = Base; path = Base.lproj/LaunchScreen.storyboard; sourceTree = "<group>"; };
		65DE4C1B20FF421400E807ED /* Info.plist */ = {isa = PBXFileReference; lastKnownFileType = text.plist.xml; path = Info.plist; sourceTree = "<group>"; };
		65DE4C2720FF476700E807ED /* T3.jpg */ = {isa = PBXFileReference; lastKnownFileType = image.jpeg; path = T3.jpg; sourceTree = "<group>"; };
		65DE4C2820FF476700E807ED /* T1.jpg */ = {isa = PBXFileReference; lastKnownFileType = image.jpeg; path = T1.jpg; sourceTree = "<group>"; };
		65DE4C2920FF476700E807ED /* T2.jpg */ = {isa = PBXFileReference; lastKnownFileType = image.jpeg; path = T2.jpg; sourceTree = "<group>"; };
/* End PBXFileReference section */

/* Begin PBXFrameworksBuildPhase section */
		65DE4C0920FF421400E807ED /* Frameworks */ = {
			isa = PBXFrameworksBuildPhase;
			buildActionMask = 2147483647;
			files = (
			);
			runOnlyForDeploymentPostprocessing = 0;
		};
/* End PBXFrameworksBuildPhase section */

/* Begin PBXGroup section */
		6544421D210FA10F005F79E4 /* Supporting Files */ = {
			isa = PBXGroup;
			children = (
				65DE4C0F20FF421400E807ED /* AppDelegate.swift */,
				65DE4C2820FF476700E807ED /* T1.jpg */,
				65DE4C2920FF476700E807ED /* T2.jpg */,
				65DE4C2720FF476700E807ED /* T3.jpg */,
				65DE4C1820FF421400E807ED /* LaunchScreen.storyboard */,
			);
			path = "Supporting Files";
			sourceTree = "<group>";
		};
		65DE4C0320FF421400E807ED = {
			isa = PBXGroup;
			children = (
				65DE4C0E20FF421400E807ED /* Storm Viewer */,
				65DE4C0D20FF421400E807ED /* Products */,
			);
			sourceTree = "<group>";
		};
		65DE4C0D20FF421400E807ED /* Products */ = {
			isa = PBXGroup;
			children = (
				65DE4C0C20FF421400E807ED /* Storm Viewer.app */,
			);
			name = Products;
			sourceTree = "<group>";
		};
		65DE4C0E20FF421400E807ED /* Storm Viewer */ = {
			isa = PBXGroup;
			children = (
				6544421D210FA10F005F79E4 /* Supporting Files */,
				65DE4C1120FF421400E807ED /* ViewController.swift */,
				65DE4C1320FF421400E807ED /* Main.storyboard */,
				65DE4C1620FF421400E807ED /* Assets.xcassets */,
				65DE4C1B20FF421400E807ED /* Info.plist */,
			);
			path = "Storm Viewer";
			sourceTree = "<group>";
		};
/* End PBXGroup section */

/* Begin PBXNativeTarget section */
		65DE4C0B20FF421400E807ED /* Storm Viewer */ = {
			isa = PBXNativeTarget;
			buildConfigurationList = 65DE4C1E20FF421400E807ED /* Build configuration list for PBXNativeTarget "Storm Viewer" */;
			buildPhases = (
				65DE4C0820FF421400E807ED /* Sources */,
				65DE4C0920FF421400E807ED /* Frameworks */,
				65DE4C0A20FF421400E807ED /* Resources */,
			);
			buildRules = (
			);
			dependencies = (
			);
			name = "Storm Viewer";
			productName = "Storm Viewer";
			productReference = 65DE4C0C20FF421400E807ED /* Storm Viewer.app */;
			productType = "com.apple.product-type.application";
		};
/* End PBXNativeTarget section */

/* Begin PBXProject section */
		65DE4C0420FF421400E807ED /* Project object */ = {
			isa = PBXProject;
			attributes = {
				LastSwiftUpdateCheck = 0910;
				LastUpgradeCheck = 0910;
				ORGANIZATIONNAME = "Andrea Visini";
				TargetAttributes = {
					65DE4C0B20FF421400E807ED = {
						CreatedOnToolsVersion = 9.1;
						ProvisioningStyle = Automatic;
					};
				};
			};
			buildConfigurationList = 65DE4C0720FF421400E807ED /* Build configuration list for PBXProject "Storm Viewer" */;
			compatibilityVersion = "Xcode 8.0";
			developmentRegion = en;
			hasScannedForEncodings = 0;
			knownRegions = (
				en,
				Base,
			);
			mainGroup = 65DE4C0320FF421400E807ED;
			productRefGroup = 65DE4C0D20FF421400E807ED /* Products */;
			projectDirPath = "";
			projectRoot = "";
			targets = (
				65DE4C0B20FF421400E807ED /* Storm Viewer */,
			);
		};
/* End PBXProject section */

/* Begin PBXResourcesBuildPhase section */
		65DE4C0A20FF421400E807ED /* Resources */ = {
			isa = PBXResourcesBuildPhase;
			buildActionMask = 2147483647;
			files = (
				65DE4C2C20FF476700E807ED /* T2.jpg in Resources */,
				65DE4C1A20FF421400E807ED /* LaunchScreen.storyboard in Resources */,
				65DE4C1720FF421400E807ED /* Assets.xcassets in Resources */,
				65DE4C2A20FF476700E807ED /* T3.jpg in Resources */,
				65DE4C2B20FF476700E807ED /* T1.jpg in Resources */,
				65DE4C1520FF421400E807ED /* Main.storyboard in Resources */,
			);
			runOnlyForDeploymentPostprocessing = 0;
		};
/* End PBXResourcesBuildPhase section */

/* Begin PBXSourcesBuildPhase section */
		65DE4C0820FF421400E807ED /* Sources */ = {
			isa = PBXSourcesBuildPhase;
			buildActionMask = 2147483647;
			files = (
				65DE4C1220FF421400E807ED /* ViewController.swift in Sources */,
				65DE4C1020FF421400E807ED /* AppDelegate.swift in Sources */,
			);
			runOnlyForDeploymentPostprocessing = 0;
		};
/* End PBXSourcesBuildPhase section */

/* Begin PBXVariantGroup section */
		65DE4C1320FF421400E807ED /* Main.storyboard */ = {
			isa = PBXVariantGroup;
			children = (
				65DE4C1420FF421400E807ED /* Base */,
			);
			name = Main.storyboard;
			sourceTree = "<group>";
		};
		65DE4C1820FF421400E807ED /* LaunchScreen.storyboard */ = {
			isa = PBXVariantGroup;
			children = (
				65DE4C1920FF421400E807ED /* Base */,
			);
			name = LaunchScreen.storyboard;
			sourceTree = "<group>";
		};
/* End PBXVariantGroup section */

/* Begin XCBuildConfiguration section */
		65DE4C1C20FF421400E807ED /* Debug */ = {
			isa = XCBuildConfiguration;
			buildSettings = {
				ALWAYS_SEARCH_USER_PATHS = NO;
				CLANG_ANALYZER_NONNULL = YES;
				CLANG_ANALYZER_NUMBER_OBJECT_CONVERSION = YES_AGGRESSIVE;
				CLANG_CXX_LANGUAGE_STANDARD = "gnu++14";
				CLANG_CXX_LIBRARY = "libc++";
				CLANG_ENABLE_MODULES = YES;
				CLANG_ENABLE_OBJC_ARC = YES;
				CLANG_WARN_BLOCK_CAPTURE_AUTORELEASING = YES;
				CLANG_WARN_BOOL_CONVERSION = YES;
				CLANG_WARN_COMMA = YES;
				CLANG_WARN_CONSTANT_CONVERSION = YES;
				CLANG_WARN_DIRECT_OBJC_ISA_USAGE = YES_ERROR;
				CLANG_WARN_DOCUMENTATION_COMMENTS = YES;
				CLANG_WARN_EMPTY_BODY = YES;
				CLANG_WARN_ENUM_CONVERSION = YES;
				CLANG_WARN_INFINITE_RECURSION = YES;
				CLANG_WARN_INT_CONVERSION = YES;
				CLANG_WARN_NON_LITERAL_NULL_CONVERSION = YES;
				CLANG_WARN_OBJC_LITERAL_CONVERSION = YES;
				CLANG_WARN_OBJC_ROOT_CLASS = YES_ERROR;
				CLANG_WARN_RANGE_LOOP_ANALYSIS = YES;
				CLANG_WARN_STRICT_PROTOTYPES = YES;
				CLANG_WARN_SUSPICIOUS_MOVE = YES;
				CLANG_WARN_UNGUARDED_AVAILABILITY = YES_AGGRESSIVE;
				CLANG_WARN_UNREACHABLE_CODE = YES;
				CLANG_WARN__DUPLICATE_METHOD_MATCH = YES;
				CODE_SIGN_IDENTITY = "iPhone Developer";
				COPY_PHASE_STRIP = NO;
				DEBUG_INFORMATION_FORMAT = dwarf;
				ENABLE_STRICT_OBJC_MSGSEND = YES;
				ENABLE_TESTABILITY = YES;
				GCC_C_LANGUAGE_STANDARD = gnu11;
				GCC_DYNAMIC_NO_PIC = NO;
				GCC_NO_COMMON_BLOCKS = YES;
				GCC_OPTIMIZATION_LEVEL = 0;
				GCC_PREPROCESSOR_DEFINITIONS = (
					"DEBUG=1",
					"$(inherited)",
				);
				GCC_WARN_64_TO_32_BIT_CONVERSION = YES;
				GCC_WARN_ABOUT_RETURN_TYPE = YES_ERROR;
				GCC_WARN_UNDECLARED_SELECTOR = YES;
				GCC_WARN_UNINITIALIZED_AUTOS = YES_AGGRESSIVE;
				GCC_WARN_UNUSED_FUNCTION = YES;
				GCC_WARN_UNUSED_VARIABLE = YES;
				IPHONEOS_DEPLOYMENT_TARGET = 11.1;
				MTL_ENABLE_DEBUG_INFO = YES;
				ONLY_ACTIVE_ARCH = YES;
				SDKROOT = iphoneos;
				SWIFT_ACTIVE_COMPILATION_CONDITIONS = DEBUG;
				SWIFT_OPTIMIZATION_LEVEL = "-Onone";
			};
			name = Debug;
		};
		65DE4C1D20FF421400E807ED /* Release */ = {
			isa = XCBuildConfiguration;
			buildSettings = {
				ALWAYS_SEARCH_USER_PATHS = NO;
				CLANG_ANALYZER_NONNULL = YES;
				CLANG_ANALYZER_NUMBER_OBJECT_CONVERSION = YES_AGGRESSIVE;
				CLANG_CXX_LANGUAGE_STANDARD = "gnu++14";
				CLANG_CXX_LIBRARY = "libc++";
				CLANG_ENABLE_MODULES = YES;
				CLANG_ENABLE_OBJC_ARC = YES;
				CLANG_WARN_BLOCK_CAPTURE_AUTORELEASING = YES;
				CLANG_WARN_BOOL_CONVERSION = YES;
				CLANG_WARN_COMMA = YES;
				CLANG_WARN_CONSTANT_CONVERSION = YES;
				CLANG_WARN_DIRECT_OBJC_ISA_USAGE = YES_ERROR;
				CLANG_WARN_DOCUMENTATION_COMMENTS = YES;
				CLANG_WARN_EMPTY_BODY = YES;
				CLANG_WARN_ENUM_CONVERSION = YES;
				CLANG_WARN_INFINITE_RECURSION = YES;
				CLANG_WARN_INT_CONVERSION = YES;
				CLANG_WARN_NON_LITERAL_NULL_CONVERSION = YES;
				CLANG_WARN_OBJC_LITERAL_CONVERSION = YES;
				CLANG_WARN_OBJC_ROOT_CLASS = YES_ERROR;
				CLANG_WARN_RANGE_LOOP_ANALYSIS = YES;
				CLANG_WARN_STRICT_PROTOTYPES = YES;
				CLANG_WARN_SUSPICIOUS_MOVE = YES;
				CLANG_WARN_UNGUARDED_AVAILABILITY = YES_AGGRESSIVE;
				CLANG_WARN_UNREACHABLE_CODE = YES;
				CLANG_WARN__DUPLICATE_METHOD_MATCH = YES;
				CODE_SIGN_IDENTITY = "iPhone Developer";
				COPY_PHASE_STRIP = NO;
				DEBUG_INFORMATION_FORMAT = "dwarf-with-dsym";
				ENABLE_NS_ASSERTIONS = NO;
				ENABLE_STRICT_OBJC_MSGSEND = YES;
				GCC_C_LANGUAGE_STANDARD = gnu11;
				GCC_NO_COMMON_BLOCKS = YES;
				GCC_WARN_64_TO_32_BIT_CONVERSION = YES;
				GCC_WARN_ABOUT_RETURN_TYPE = YES_ERROR;
				GCC_WARN_UNDECLARED_SELECTOR = YES;
				GCC_WARN_UNINITIALIZED_AUTOS = YES_AGGRESSIVE;
				GCC_WARN_UNUSED_FUNCTION = YES;
				GCC_WARN_UNUSED_VARIABLE = YES;
				IPHONEOS_DEPLOYMENT_TARGET = 11.1;
				MTL_ENABLE_DEBUG_INFO = NO;
				SDKROOT = iphoneos;
				SWIFT_OPTIMIZATION_LEVEL = "-Owholemodule";
				VALIDATE_PRODUCT = YES;
			};
			name = Release;
		};
		65DE4C1F20FF421400E807ED /* Debug */ = {
			isa = XCBuildConfiguration;
			buildSettings = {
				ASSETCATALOG_COMPILER_APPICON_NAME = AppIcon;
				CODE_SIGN_STYLE = Automatic;
				INFOPLIST_FILE = "Storm Viewer/Info.plist";
				LD_RUNPATH_SEARCH_PATHS = "$(inherited) @executable_path/Frameworks";
				PRODUCT_BUNDLE_IDENTIFIER = "AV.Storm-Viewer";
				PRODUCT_NAME = "$(TARGET_NAME)";
				SWIFT_VERSION = 4.0;
				TARGETED_DEVICE_FAMILY = "1,2";
			};
			name = Debug;
		};
		65DE4C2020FF421400E807ED /* Release */ = {
			isa = XCBuildConfiguration;
			buildSettings = {
				ASSETCATALOG_COMPILER_APPICON_NAME = AppIcon;
				CODE_SIGN_STYLE = Automatic;
				INFOPLIST_FILE = "Storm Viewer/Info.plist";
				LD_RUNPATH_SEARCH_PATHS = "$(inherited) @executable_path/Frameworks";
				PRODUCT_BUNDLE_IDENTIFIER = "AV.Storm-Viewer";
				PRODUCT_NAME = "$(TARGET_NAME)";
				SWIFT_VERSION = 4.0;
				TARGETED_DEVICE_FAMILY = "1,2";
			};
			name = Release;
		};
/* End XCBuildConfiguration section */

/* Begin XCConfigurationList section */
		65DE4C0720FF421400E807ED /* Build configuration list for PBXProject "Storm Viewer" */ = {
			isa = XCConfigurationList;
			buildConfigurations = (
				65DE4C1C20FF421400E807ED /* Debug */,
				65DE4C1D20FF421400E807ED /* Release */,
			);
			defaultConfigurationIsVisible = 0;
			defaultConfigurationName = Release;
		};
		65DE4C1E20FF421400E807ED /* Build configuration list for PBXNativeTarget "Storm Viewer" */ = {
			isa = XCConfigurationList;
			buildConfigurations = (
				65DE4C1F20FF421400E807ED /* Debug */,
				65DE4C2020FF421400E807ED /* Release */,
			);
			defaultConfigurationIsVisible = 0;
			defaultConfigurationName = Release;
		};
/* End XCConfigurationList section */
	};
	rootObject = 65DE4C0420FF421400E807ED /* Project object */;
}
